version = 1
revision = 2
requires-python = ">=3.10"

[[package]]
name = "smoke"
version = "0.0.0"
# Editable workspace-root entry — uv writes this when a project
# is part of a workspace. v0.7's extension skips materializing it
# (the consumer's own source lives in their own Bazel targets) but
# DOES hoist its `dev-dependencies` table to surface as
# `group("<name>")` callables on the hub.
source = { editable = "." }
dependencies = [
    { name = "certifi" },
    { name = "idna" },
    { name = "iniconfig" },
    { name = "markupsafe" },
]

# PEP 735 dependency groups. uv collapses every named group under
# this single TOML key (the name is misleading — it carries `dev`,
# `test`, `docs`, etc.). Each entry mirrors the main `dependencies`
# shape and can carry markers + extras per-edge.
[package.dev-dependencies]
dev = [
    { name = "iniconfig" },
]

[[package]]
name = "certifi"
version = "2024.8.30"
source = { registry = "https://pypi.org/simple" }
# A marker-gated edge: typing-extensions is only required on python
# < 3.11. With the smoke configured for python_version = "3.12",
# the marker evaluator drops this edge entirely — `:pkg` ends up
# with no real Bazel deps despite the entry being present.
dependencies = [
    { name = "typing-extensions", marker = "python_full_version < '3.11'" },
]
sdist = { url = "https://files.pythonhosted.org/packages/b0/ee/9b19140fe824b367c04c5e1b369942dd754c4c5462d5674002f75c4dedc1/certifi-2024.8.30.tar.gz", hash = "sha256:bec941d2aa8195e248a60b31ff9f0558284cf01a52591ceda73ea9afffd69fd9" }
wheels = [
    { url = "https://files.pythonhosted.org/packages/12/90/3c9ff0512038035f59d279fddeb79f5f1eccd8859f06d6163c58798b9487/certifi-2024.8.30-py3-none-any.whl", hash = "sha256:922820b53db7a7257ffbda3f597266d435245903d80737e34f8a45ff3e3230d8" },
]

# Synthetic extra: requesting `certifi[bundle]` produces a target
# that re-exports `:pkg` plus a dep on idna. There's no real
# `bundle` extra upstream — this exists to exercise rules_uv's
# per-extra target generation end-to-end.
[package.optional-dependencies]
bundle = [
    { name = "idna" },
]

[[package]]
name = "idna"
version = "3.10"
source = { registry = "https://pypi.org/simple" }
sdist = { url = "https://files.pythonhosted.org/packages/f1/70/7703c29685631f5a7590aa73f1f1d3fa9a380e654b86af429e0934a32f7d/idna-3.10.tar.gz", hash = "sha256:12f65c9b470abda6dc35cf8e63cc574b1c52b11df2c86030af0ac09b01b13ea9" }
wheels = [
    { url = "https://files.pythonhosted.org/packages/76/c6/c88e154df9c4e1a2a66ccf0005a88dfb2650c1dffb6f5ce603dfbd452ce3/idna-3.10-py3-none-any.whl", hash = "sha256:946d195a0d259cbba61165e88e65941f16e9b36ea6ddb97f00452bae8b1287d3" },
]

# iniconfig is a small pure-python package — we intentionally elide
# the `wheels = [...]` array so wheel_selection falls through to the
# sdist install path (uv pip install --target=.). The test smoke
# imports iniconfig to confirm the install tree is laid out
# correctly.
[[package]]
name = "iniconfig"
version = "2.0.0"
source = { registry = "https://pypi.org/simple" }
sdist = { url = "https://files.pythonhosted.org/packages/d7/4b/cbd8e699e64a6f16ca3a8220661b5f83792b3017d0f79807cb8708d33913/iniconfig-2.0.0.tar.gz", hash = "sha256:2d91e135bf72d31a410b17c16da610a82cb55f6b0477d1a902134b24a455b8b3" }

# markupsafe ships a C extension — there's no pure-python wheel. The
# entry includes the cp312 wheel for every platform fastverk targets
# so wheel_selection can pick the right one against the host.
[[package]]
name = "markupsafe"
version = "3.0.2"
source = { registry = "https://pypi.org/simple" }
sdist = { url = "https://files.pythonhosted.org/packages/b2/97/5d42485e71dfc078108a86d6de8fa46db44a1a9295e89c5d6d4a06e23a62/markupsafe-3.0.2.tar.gz", hash = "sha256:ee55d3edf80167e48ea11a923c7386f4669df67d7994554387f84e7d8b0a2bf0" }
wheels = [
    { url = "https://files.pythonhosted.org/packages/6b/b0/18f76bba336fa5aecf79d45dcd6c806c280ec44538b3c13671d49099fdd0/MarkupSafe-3.0.2-cp312-cp312-macosx_11_0_arm64.whl", hash = "sha256:846ade7b71e3536c4e56b386c2a47adf5741d2d8b94ec9dc3e92e5e1ee1e2225" },
    { url = "https://files.pythonhosted.org/packages/22/09/d1f21434c97fc42f09d290cbb6350d44eb12f09cc62c9476effdb33a18aa/MarkupSafe-3.0.2-cp312-cp312-macosx_10_13_universal2.whl", hash = "sha256:9778bd8ab0a994ebf6f84c2b949e65736d5575320a17ae8984a77fab08db94cf" },
    { url = "https://files.pythonhosted.org/packages/e0/25/dd5c0f6ac1311e9b40f4af06c78efde0f3b5cbf02502f8ef9501294c425b/MarkupSafe-3.0.2-cp312-cp312-manylinux_2_17_aarch64.manylinux2014_aarch64.whl", hash = "sha256:1c99d261bd2d5f6b59325c92c73df481e05e57f19837bdca8413b9eac4bd8028" },
    { url = "https://files.pythonhosted.org/packages/f3/f0/89e7aadfb3749d0f52234a0c8c7867877876e0a20b60e2188e9850794c17/MarkupSafe-3.0.2-cp312-cp312-manylinux_2_17_x86_64.manylinux2014_x86_64.whl", hash = "sha256:e17c96c14e19278594aa4841ec148115f9c7615a47382ecb6b82bd8fea3ab0c8" },
]
